# This file was autogenerated by uv via the following command:
#    uv --cache-dir var/cache pip compile apps/api/requirements.in -o apps/api/requirements.lock
annotated-types==0.8.0
    # via pydantic
pillow==12.3.0
    # via -r apps/api/requirements.in
opencc-python-reimplemented==0.1.7
    # via -r apps/api/requirements.in
anyio==4.15.1
    # via
    #   httpx
    #   starlette
beautifulsoup4==4.13.5
    # via -r apps/api/requirements.in
certifi==2026.7.22
    # via
    #   httpcore
    #   httpx
click==8.5.0
    # via uvicorn
fastapi==0.115.12
    # via -r apps/api/requirements.in
h11==0.16.0
    # via
    #   httpcore
    #   uvicorn
httpcore==1.0.9
    # via httpx
httpx==0.28.1
    # via -r apps/api/requirements.in
idna==3.20
    # via
    #   anyio
    #   httpx
iniconfig==2.3.0
    # via pytest
loguru==0.7.3
    # via -r apps/api/requirements.in
markdown-it-py==4.2.0
    # via rich
mdurl==0.1.2
    # via markdown-it-py
mwparserfromhell==0.7.2
    # via -r apps/api/requirements.in
packaging==26.3
    # via pytest
pluggy==1.6.0
    # via pytest
pydantic==2.13.5
    # via fastapi
pydantic-core==2.46.5
    # via pydantic
pygments==2.21.0
    # via rich
pytest==8.3.5
    # via -r apps/api/requirements.in
rich==15.0.0
    # via -r apps/api/requirements.in
ruff==0.12.11
    # via -r apps/api/requirements.in
soupsieve==2.10
    # via beautifulsoup4
starlette==0.46.2
    # via fastapi
typing-extensions==4.16.0
    # via
    #   anyio
    #   beautifulsoup4
    #   fastapi
    #   pydantic
    #   pydantic-core
    #   typing-inspection
typing-inspection==0.4.4
    # via pydantic
uvicorn==0.34.2
    # via -r apps/api/requirements.in
